
Microsoft Visual Studio Solution File, Format Version 12.00
# Visual Studio 15
VisualStudioVersion = 15.0.26124.0
MinimumVisualStudioVersion = 15.0.26124.0
Project("{FAE04EC0-301F-11D3-BF4B-00C04F79EFBC}") = "Application", "Application\Application.csproj", "{16B2CA38-1E17-42A5-BC5F-1C9B47100A38}"
EndProject
Project("{FAE04EC0-301F-11D3-BF4B-00C04F79EFBC}") = "Domain", "Domain\Domain.csproj", "{A360FC3F-4FD9-4F6C-89DE-5E8F679C0DD0}"
EndProject
Project("{FAE04EC0-301F-11D3-BF4B-00C04F79EFBC}") = "Persistence", "Persistence\Persistence.csproj", "{BA0E8751-1164-4FC7-BE6F-541AC95EBF30}"
EndProject
Project("{FAE04EC0-301F-11D3-BF4B-00C04F79EFBC}") = "API", "API\API.csproj", "{AB8F9C45-CE6F-4635-B703-2ABEB65E8AB5}"
EndProject
Global
	GlobalSection(SolutionConfigurationPlatforms) = preSolution
		Debug|Any CPU = Debug|Any CPU
		Debug|x64 = Debug|x64
		Debug|x86 = Debug|x86
		Release|Any CPU = Release|Any CPU
		Release|x64 = Release|x64
		Release|x86 = Release|x86
	EndGlobalSection
	GlobalSection(SolutionProperties) = preSolution
		HideSolutionNode = FALSE
	EndGlobalSection
	GlobalSection(ProjectConfigurationPlatforms) = postSolution
		{16B2CA38-1E17-42A5-BC5F-1C9B47100A38}.Debug|Any CPU.ActiveCfg = Debug|Any CPU
		{16B2CA38-1E17-42A5-BC5F-1C9B47100A38}.Debug|Any CPU.Build.0 = Debug|Any CPU
		{16B2CA38-1E17-42A5-BC5F-1C9B47100A38}.Debug|x64.ActiveCfg = Debug|Any CPU
		{16B2CA38-1E17-42A5-BC5F-1C9B47100A38}.Debug|x64.Build.0 = Debug|Any CPU
		{16B2CA38-1E17-42A5-BC5F-1C9B47100A38}.Debug|x86.ActiveCfg = Debug|Any CPU
		{16B2CA38-1E17-42A5-BC5F-1C9B47100A38}.Debug|x86.Build.0 = Debug|Any CPU
		{16B2CA38-1E17-42A5-BC5F-1C9B47100A38}.Release|Any CPU.ActiveCfg = Release|Any CPU
		{16B2CA38-1E17-42A5-BC5F-1C9B47100A38}.Release|Any CPU.Build.0 = Release|Any CPU
		{16B2CA38-1E17-42A5-BC5F-1C9B47100A38}.Release|x64.ActiveCfg = Release|Any CPU
		{16B2CA38-1E17-42A5-BC5F-1C9B47100A38}.Release|x64.Build.0 = Release|Any CPU
		{16B2CA38-1E17-42A5-BC5F-1C9B47100A38}.Release|x86.ActiveCfg = Release|Any CPU
		{16B2CA38-1E17-42A5-BC5F-1C9B47100A38}.Release|x86.Build.0 = Release|Any CPU
		{A360FC3F-4FD9-4F6C-89DE-5E8F679C0DD0}.Debug|Any CPU.ActiveCfg = Debug|Any CPU
		{A360FC3F-4FD9-4F6C-89DE-5E8F679C0DD0}.Debug|Any CPU.Build.0 = Debug|Any CPU
		{A360FC3F-4FD9-4F6C-89DE-5E8F679C0DD0}.Debug|x64.ActiveCfg = Debug|Any CPU
		{A360FC3F-4FD9-4F6C-89DE-5E8F679C0DD0}.Debug|x64.Build.0 = Debug|Any CPU
		{A360FC3F-4FD9-4F6C-89DE-5E8F679C0DD0}.Debug|x86.ActiveCfg = Debug|Any CPU
		{A360FC3F-4FD9-4F6C-89DE-5E8F679C0DD0}.Debug|x86.Build.0 = Debug|Any CPU
		{A360FC3F-4FD9-4F6C-89DE-5E8F679C0DD0}.Release|Any CPU.ActiveCfg = Release|Any CPU
		{A360FC3F-4FD9-4F6C-89DE-5E8F679C0DD0}.Release|Any CPU.Build.0 = Release|Any CPU
		{A360FC3F-4FD9-4F6C-89DE-5E8F679C0DD0}.Release|x64.ActiveCfg = Release|Any CPU
		{A360FC3F-4FD9-4F6C-89DE-5E8F679C0DD0}.Release|x64.Build.0 = Release|Any CPU
		{A360FC3F-4FD9-4F6C-89DE-5E8F679C0DD0}.Release|x86.ActiveCfg = Release|Any CPU
		{A360FC3F-4FD9-4F6C-89DE-5E8F679C0DD0}.Release|x86.Build.0 = Release|Any CPU
		{BA0E8751-1164-4FC7-BE6F-541AC95EBF30}.Debug|Any CPU.ActiveCfg = Debug|Any CPU
		{BA0E8751-1164-4FC7-BE6F-541AC95EBF30}.Debug|Any CPU.Build.0 = Debug|Any CPU
		{BA0E8751-1164-4FC7-BE6F-541AC95EBF30}.Debug|x64.ActiveCfg = Debug|Any CPU
		{BA0E8751-1164-4FC7-BE6F-541AC95EBF30}.Debug|x64.Build.0 = Debug|Any CPU
		{BA0E8751-1164-4FC7-BE6F-541AC95EBF30}.Debug|x86.ActiveCfg = Debug|Any CPU
		{BA0E8751-1164-4FC7-BE6F-541AC95EBF30}.Debug|x86.Build.0 = Debug|Any CPU
		{BA0E8751-1164-4FC7-BE6F-541AC95EBF30}.Release|Any CPU.ActiveCfg = Release|Any CPU
		{BA0E8751-1164-4FC7-BE6F-541AC95EBF30}.Release|Any CPU.Build.0 = Release|Any CPU
		{BA0E8751-1164-4FC7-BE6F-541AC95EBF30}.Release|x64.ActiveCfg = Release|Any CPU
		{BA0E8751-1164-4FC7-BE6F-541AC95EBF30}.Release|x64.Build.0 = Release|Any CPU
		{BA0E8751-1164-4FC7-BE6F-541AC95EBF30}.Release|x86.ActiveCfg = Release|Any CPU
		{BA0E8751-1164-4FC7-BE6F-541AC95EBF30}.Release|x86.Build.0 = Release|Any CPU
		{AB8F9C45-CE6F-4635-B703-2ABEB65E8AB5}.Debug|Any CPU.ActiveCfg = Debug|Any CPU
		{AB8F9C45-CE6F-4635-B703-2ABEB65E8AB5}.Debug|Any CPU.Build.0 = Debug|Any CPU
		{AB8F9C45-CE6F-4635-B703-2ABEB65E8AB5}.Debug|x64.ActiveCfg = Debug|Any CPU
		{AB8F9C45-CE6F-4635-B703-2ABEB65E8AB5}.Debug|x64.Build.0 = Debug|Any CPU
		{AB8F9C45-CE6F-4635-B703-2ABEB65E8AB5}.Debug|x86.ActiveCfg = Debug|Any CPU
		{AB8F9C45-CE6F-4635-B703-2ABEB65E8AB5}.Debug|x86.Build.0 = Debug|Any CPU
		{AB8F9C45-CE6F-4635-B703-2ABEB65E8AB5}.Release|Any CPU.ActiveCfg = Release|Any CPU
		{AB8F9C45-CE6F-4635-B703-2ABEB65E8AB5}.Release|Any CPU.Build.0 = Release|Any CPU
		{AB8F9C45-CE6F-4635-B703-2ABEB65E8AB5}.Release|x64.ActiveCfg = Release|Any CPU
		{AB8F9C45-CE6F-4635-B703-2ABEB65E8AB5}.Release|x64.Build.0 = Release|Any CPU
		{AB8F9C45-CE6F-4635-B703-2ABEB65E8AB5}.Release|x86.ActiveCfg = Release|Any CPU
		{AB8F9C45-CE6F-4635-B703-2ABEB65E8AB5}.Release|x86.Build.0 = Release|Any CPU
	EndGlobalSection
EndGlobal
